
Microsoft Visual Studio Solution File, Format Version 12.00
# Visual Studio 2012
Project("{FAE04EC0-301F-11D3-BF4B-00C04F79EFBC}") = "NCAAF.Model", "NCAAF.Model\NCAAF.Model.csproj", "{F86DFEAA-FBA4-418F-8A70-8CB9ADEF60DC}"
EndProject
Project("{FAE04EC0-301F-11D3-BF4B-00C04F79EFBC}") = "Import", "Import\Import.csproj", "{C652474F-9E67-4D30-AC31-A4B579B16051}"
EndProject
Project("{FAE04EC0-301F-11D3-BF4B-00C04F79EFBC}") = "Contests.LOTW.Core", "..\Bearchop\Contests.LOTW.Core\Contests.LOTW.Core.csproj", "{668BC562-E367-4B03-B303-993DD31D99D1}"
EndProject
Global
	GlobalSection(SolutionConfigurationPlatforms) = preSolution
		Debug|Any CPU = Debug|Any CPU
		Release|Any CPU = Release|Any CPU
	EndGlobalSection
	GlobalSection(ProjectConfigurationPlatforms) = postSolution
		{668BC562-E367-4B03-B303-993DD31D99D1}.Debug|Any CPU.ActiveCfg = Debug|Any CPU
		{668BC562-E367-4B03-B303-993DD31D99D1}.Debug|Any CPU.Build.0 = Debug|Any CPU
		{668BC562-E367-4B03-B303-993DD31D99D1}.Release|Any CPU.ActiveCfg = Release|Any CPU
		{668BC562-E367-4B03-B303-993DD31D99D1}.Release|Any CPU.Build.0 = Release|Any CPU
		{C652474F-9E67-4D30-AC31-A4B579B16051}.Debug|Any CPU.ActiveCfg = Debug|Any CPU
		{C652474F-9E67-4D30-AC31-A4B579B16051}.Debug|Any CPU.Build.0 = Debug|Any CPU
		{C652474F-9E67-4D30-AC31-A4B579B16051}.Release|Any CPU.ActiveCfg = Release|Any CPU
		{C652474F-9E67-4D30-AC31-A4B579B16051}.Release|Any CPU.Build.0 = Release|Any CPU
		{F86DFEAA-FBA4-418F-8A70-8CB9ADEF60DC}.Debug|Any CPU.ActiveCfg = Debug|Any CPU
		{F86DFEAA-FBA4-418F-8A70-8CB9ADEF60DC}.Debug|Any CPU.Build.0 = Debug|Any CPU
		{F86DFEAA-FBA4-418F-8A70-8CB9ADEF60DC}.Release|Any CPU.ActiveCfg = Release|Any CPU
		{F86DFEAA-FBA4-418F-8A70-8CB9ADEF60DC}.Release|Any CPU.Build.0 = Release|Any CPU
	EndGlobalSection
	GlobalSection(SolutionProperties) = preSolution
		HideSolutionNode = FALSE
	EndGlobalSection
EndGlobal
